
Microsoft Visual Studio Solution File, Format Version 12.00
# Visual Studio Version 16
VisualStudioVersion = 16.0.30907.101
MinimumVisualStudioVersion = 10.0.40219.1
Project("{FAE04EC0-301F-11D3-BF4B-00C04F79EFBC}") = "010BAWindowsFormsCoin", "010BAWindowsFormsCoin\010BAWindowsFormsCoin.csproj", "{EB6E24EF-E84C-4DD3-A88F-733133B2AE61}"
EndProject
Global
	GlobalSection(SolutionConfigurationPlatforms) = preSolution
		Debug|Any CPU = Debug|Any CPU
		Release|Any CPU = Release|Any CPU
	EndGlobalSection
	GlobalSection(ProjectConfigurationPlatforms) = postSolution
		{EB6E24EF-E84C-4DD3-A88F-733133B2AE61}.Debug|Any CPU.ActiveCfg = Debug|Any CPU
		{EB6E24EF-E84C-4DD3-A88F-733133B2AE61}.Debug|Any CPU.Build.0 = Debug|Any CPU
		{EB6E24EF-E84C-4DD3-A88F-733133B2AE61}.Release|Any CPU.ActiveCfg = Release|Any CPU
		{EB6E24EF-E84C-4DD3-A88F-733133B2AE61}.Release|Any CPU.Build.0 = Release|Any CPU
	EndGlobalSection
	GlobalSection(SolutionProperties) = preSolution
		HideSolutionNode = FALSE
	EndGlobalSection
	GlobalSection(ExtensibilityGlobals) = postSolution
		SolutionGuid = {035E7C2B-E8D8-4177-8313-E47A7315833F}
	EndGlobalSection
EndGlobal
